# THIS IS AN AUTOGENERATED FILE. DO NOT EDIT THIS FILE DIRECTLY.
# yarn lockfile v1


array-source@0.0:
  version "0.0.4"
  resolved "https://registry.yarnpkg.com/array-source/-/array-source-0.0.4.tgz#a525df4a84b1376d27c677cd426a97c3882f8aca"
  integrity sha512-frNdc+zBn80vipY+GdcJkLEbMWj3xmzArYApmUGxoiV8uAu/ygcs9icPdsGdA26h0MkHUMW6EN2piIvVx+M5Mw==

commander@2:
  version "2.20.3"
  resolved "https://registry.yarnpkg.com/commander/-/commander-2.20.3.tgz#fd485e84c03eb4881c20722ba48035e8531aeb33"
  integrity sha512-GpVkmM8vF2vQUkj2LvZmD35JxeJOLCwJ9cUkugyk2nuhbv3+mJvpLYYt+0+USMxE+oj+ey/lJEnhZw75x/OMcQ==

dbf-reader@^1.0.3:
  version "1.0.3"
  resolved "https://registry.yarnpkg.com/dbf-reader/-/dbf-reader-1.0.3.tgz#9168a9bd1e1b6c6014c452249debe0e58227ebe0"
  integrity sha512-84gjZ/ijJ1pAmGXgBCWu457dpdGn/skCNoHZbx+ReW1debxQmMIjvltK1Z58g2OKe2Pf6PxLVMM9Ci/atq/yVw==

dbffile@^1.11.0:
  version "1.11.0"
  resolved "https://registry.yarnpkg.com/dbffile/-/dbffile-1.11.0.tgz#8883fa62a57f2765aab0105827d13760f7623c52"
  integrity sha512-5qJvkMM/9RZsEhxyXuJHWgeSPeLpNEx1WCOXSFYgmmgFHwZ7gcFyiHwLvd/GUUvkppa+u0aTYkWfunoWK1O8qw==
  dependencies:
    iconv-lite "^0.4.24"

file-source@0.6:
  version "0.6.1"
  resolved "https://registry.yarnpkg.com/file-source/-/file-source-0.6.1.tgz#ae189d4993766b865a77f83adcf9b9a504cd37dc"
  integrity sha512-1R1KneL7eTXmXfKxC10V/9NeGOdbsAXJ+lQ//fvvcHUgtaZcZDWNJNblxAoVOyV1cj45pOtUrR3vZTBwqcW8XA==
  dependencies:
    stream-source "0.3"

iconv-lite@^0.4.24:
  version "0.4.24"
  resolved "https://registry.yarnpkg.com/iconv-lite/-/iconv-lite-0.4.24.tgz#2022b4b25fbddc21d2f524974a474aafe733908b"
  integrity sha512-v3MXnZAcvnywkTUEZomIActle7RXXeedOR31wwl7VlyoXO4Qi9arvSenNQWne1TcRwhCL1HwLI21bEqdpj8/rA==
  dependencies:
    safer-buffer ">= 2.1.2 < 3"

path-source@0.1:
  version "0.1.3"
  resolved "https://registry.yarnpkg.com/path-source/-/path-source-0.1.3.tgz#03907c595480aa2596a15a901c44f745736e7a73"
  integrity sha512-dWRHm5mIw5kw0cs3QZLNmpUWty48f5+5v9nWD2dw3Y0Hf+s01Ag8iJEWV0Sm0kocE8kK27DrIowha03e1YR+Qw==
  dependencies:
    array-source "0.0"
    file-source "0.6"

"safer-buffer@>= 2.1.2 < 3":
  version "2.1.2"
  resolved "https://registry.yarnpkg.com/safer-buffer/-/safer-buffer-2.1.2.tgz#44fa161b0187b9549dd84bb91802f9bd8385cd6a"
  integrity sha512-YZo3K82SD7Riyi0E1EQPojLz7kpepnSQI9IyPbHHg1XXXevb5dJI7tpyN2ADxGcQbHG7vcyRHk0cbwqcQriUtg==

shapefile@^0.6.6:
  version "0.6.6"
  resolved "https://registry.yarnpkg.com/shapefile/-/shapefile-0.6.6.tgz#6fee152b9fb2b1c85f690285b692fb68c95a5f4f"
  integrity sha512-rLGSWeK2ufzCVx05wYd+xrWnOOdSV7xNUW5/XFgx3Bc02hBkpMlrd2F1dDII7/jhWzv0MSyBFh5uJIy9hLdfuw==
  dependencies:
    array-source "0.0"
    commander "2"
    path-source "0.1"
    slice-source "0.4"
    stream-source "0.3"
    text-encoding "^0.6.4"

slice-source@0.4:
  version "0.4.1"
  resolved "https://registry.yarnpkg.com/slice-source/-/slice-source-0.4.1.tgz#40a57ac03c6668b5da200e05378e000bf2a61d79"
  integrity sha512-YiuPbxpCj4hD9Qs06hGAz/OZhQ0eDuALN0lRWJez0eD/RevzKqGdUx1IOMUnXgpr+sXZLq3g8ERwbAH0bCb8vg==

stream-source@0.3:
  version "0.3.5"
  resolved "https://registry.yarnpkg.com/stream-source/-/stream-source-0.3.5.tgz#b97f52d0f8ea566db071db679b985403a31e0340"
  integrity sha512-ZuEDP9sgjiAwUVoDModftG0JtYiLUV8K4ljYD1VyUMRWtbVf92474o4kuuul43iZ8t/hRuiDAx1dIJSvirrK/g==

text-encoding@^0.6.4:
  version "0.6.4"
  resolved "https://registry.yarnpkg.com/text-encoding/-/text-encoding-0.6.4.tgz#e399a982257a276dae428bb92845cb71bdc26d19"
  integrity sha512-hJnc6Qg3dWoOMkqP53F0dzRIgtmsAge09kxUIqGrEUS4qr5rWLckGYaQAVr+opBrIMRErGgy6f5aPnyPpyGRfg==
